
Microsoft Visual Studio Solution File, Format Version 12.00
Project("{2150E333-8FDC-42A3-9474-1A3956D46DE8}") = "src", "src", "{B4D98F40-7BB9-447D-B09F-618215A6EC8B}"
EndProject
Project("{2150E333-8FDC-42A3-9474-1A3956D46DE8}") = "tests", "tests", "{6ED7DDBE-D0E5-4585-B238-7315BEF1FFE9}"
EndProject
Project("{FAE04EC0-301F-11D3-BF4B-00C04F79EFBC}") = "Spectron.Files", "src\Spectron.Files\Spectron.Files.csproj", "{5B2C2574-6E33-43BD-B486-CDBDF285E8D1}"
EndProject
Project("{FAE04EC0-301F-11D3-BF4B-00C04F79EFBC}") = "Spectron.Files.Tests", "tests\Spectron.Files.Tests\Spectron.Files.Tests.csproj", "{09D377C3-320F-471F-A04A-801225A205A4}"
EndProject
Global
	GlobalSection(SolutionConfigurationPlatforms) = preSolution
		Debug|Any CPU = Debug|Any CPU
		Release|Any CPU = Release|Any CPU
	EndGlobalSection
	GlobalSection(NestedProjects) = preSolution
		{5B2C2574-6E33-43BD-B486-CDBDF285E8D1} = {B4D98F40-7BB9-447D-B09F-618215A6EC8B}
		{09D377C3-320F-471F-A04A-801225A205A4} = {6ED7DDBE-D0E5-4585-B238-7315BEF1FFE9}
	EndGlobalSection
	GlobalSection(ProjectConfigurationPlatforms) = postSolution
		{5B2C2574-6E33-43BD-B486-CDBDF285E8D1}.Debug|Any CPU.ActiveCfg = Debug|Any CPU
		{5B2C2574-6E33-43BD-B486-CDBDF285E8D1}.Debug|Any CPU.Build.0 = Debug|Any CPU
		{5B2C2574-6E33-43BD-B486-CDBDF285E8D1}.Release|Any CPU.ActiveCfg = Release|Any CPU
		{5B2C2574-6E33-43BD-B486-CDBDF285E8D1}.Release|Any CPU.Build.0 = Release|Any CPU
		{09D377C3-320F-471F-A04A-801225A205A4}.Debug|Any CPU.ActiveCfg = Debug|Any CPU
		{09D377C3-320F-471F-A04A-801225A205A4}.Debug|Any CPU.Build.0 = Debug|Any CPU
		{09D377C3-320F-471F-A04A-801225A205A4}.Release|Any CPU.ActiveCfg = Release|Any CPU
		{09D377C3-320F-471F-A04A-801225A205A4}.Release|Any CPU.Build.0 = Release|Any CPU
	EndGlobalSection
EndGlobal
