
Microsoft Visual Studio Solution File, Format Version 12.00
Project("{2150E333-8FDC-42A3-9474-1A3956D46DE8}") = "src", "src", "{B4D98F40-7BB9-447D-B09F-618215A6EC8B}"
EndProject
Project("{2150E333-8FDC-42A3-9474-1A3956D46DE8}") = "tests", "tests", "{6ED7DDBE-D0E5-4585-B238-7315BEF1FFE9}"
EndProject
Project("{FAE04EC0-301F-11D3-BF4B-00C04F79EFBC}") = "ZXTape", "src\ZXTape\ZXTape.csproj", "{5B2C2574-6E33-43BD-B486-CDBDF285E8D1}"
EndProject
Project("{FAE04EC0-301F-11D3-BF4B-00C04F79EFBC}") = "ZXTape.Cmd", "src\ZXTape.Cmd\ZXTape.Cmd.csproj", "{A56DE577-E82D-45AC-86FF-9D93340787D9}"
EndProject
Project("{FAE04EC0-301F-11D3-BF4B-00C04F79EFBC}") = "ZXTape.UnitTests", "tests\ZXTape.UnitTests\ZXTape.UnitTests.csproj", "{09D377C3-320F-471F-A04A-801225A205A4}"
EndProject
Project("{FAE04EC0-301F-11D3-BF4B-00C04F79EFBC}") = "ZXTape.Cmd.Tests", "tests\ZXTape.Cmd.Tests\ZXTape.Cmd.Tests.csproj", "{F9AA270E-CE70-4DF5-A8AC-F5D7F0257BA0}"
EndProject
Global
	GlobalSection(SolutionConfigurationPlatforms) = preSolution
		Debug|Any CPU = Debug|Any CPU
		Release|Any CPU = Release|Any CPU
	EndGlobalSection
	GlobalSection(NestedProjects) = preSolution
		{5B2C2574-6E33-43BD-B486-CDBDF285E8D1} = {B4D98F40-7BB9-447D-B09F-618215A6EC8B}
		{A56DE577-E82D-45AC-86FF-9D93340787D9} = {B4D98F40-7BB9-447D-B09F-618215A6EC8B}
		{09D377C3-320F-471F-A04A-801225A205A4} = {6ED7DDBE-D0E5-4585-B238-7315BEF1FFE9}
		{F9AA270E-CE70-4DF5-A8AC-F5D7F0257BA0} = {6ED7DDBE-D0E5-4585-B238-7315BEF1FFE9}
	EndGlobalSection
	GlobalSection(ProjectConfigurationPlatforms) = postSolution
		{5B2C2574-6E33-43BD-B486-CDBDF285E8D1}.Debug|Any CPU.ActiveCfg = Debug|Any CPU
		{5B2C2574-6E33-43BD-B486-CDBDF285E8D1}.Debug|Any CPU.Build.0 = Debug|Any CPU
		{5B2C2574-6E33-43BD-B486-CDBDF285E8D1}.Release|Any CPU.ActiveCfg = Release|Any CPU
		{5B2C2574-6E33-43BD-B486-CDBDF285E8D1}.Release|Any CPU.Build.0 = Release|Any CPU
		{A56DE577-E82D-45AC-86FF-9D93340787D9}.Debug|Any CPU.ActiveCfg = Debug|Any CPU
		{A56DE577-E82D-45AC-86FF-9D93340787D9}.Debug|Any CPU.Build.0 = Debug|Any CPU
		{A56DE577-E82D-45AC-86FF-9D93340787D9}.Release|Any CPU.ActiveCfg = Release|Any CPU
		{A56DE577-E82D-45AC-86FF-9D93340787D9}.Release|Any CPU.Build.0 = Release|Any CPU
		{09D377C3-320F-471F-A04A-801225A205A4}.Debug|Any CPU.ActiveCfg = Debug|Any CPU
		{09D377C3-320F-471F-A04A-801225A205A4}.Debug|Any CPU.Build.0 = Debug|Any CPU
		{09D377C3-320F-471F-A04A-801225A205A4}.Release|Any CPU.ActiveCfg = Release|Any CPU
		{09D377C3-320F-471F-A04A-801225A205A4}.Release|Any CPU.Build.0 = Release|Any CPU
		{F9AA270E-CE70-4DF5-A8AC-F5D7F0257BA0}.Debug|Any CPU.ActiveCfg = Debug|Any CPU
		{F9AA270E-CE70-4DF5-A8AC-F5D7F0257BA0}.Debug|Any CPU.Build.0 = Debug|Any CPU
		{F9AA270E-CE70-4DF5-A8AC-F5D7F0257BA0}.Release|Any CPU.ActiveCfg = Release|Any CPU
		{F9AA270E-CE70-4DF5-A8AC-F5D7F0257BA0}.Release|Any CPU.Build.0 = Release|Any CPU
	EndGlobalSection
EndGlobal
